
Microsoft Visual Studio Solution File, Format Version 12.00
# Visual Studio Version 17
VisualStudioVersion = 17.0.32126.317
MinimumVisualStudioVersion = 10.0.40219.1
Project("{FAE04EC0-301F-11D3-BF4B-00C04F79EFBC}") = "CopyFile", "CopyFile\CopyFile.csproj", "{11F38858-373E-403D-9DA3-EC3EE8624C42}"
EndProject
Global
	GlobalSection(SolutionConfigurationPlatforms) = preSolution
		Debug|Any CPU = Debug|Any CPU
		Release|Any CPU = Release|Any CPU
	EndGlobalSection
	GlobalSection(ProjectConfigurationPlatforms) = postSolution
		{11F38858-373E-403D-9DA3-EC3EE8624C42}.Debug|Any CPU.ActiveCfg = Debug|Any CPU
		{11F38858-373E-403D-9DA3-EC3EE8624C42}.Debug|Any CPU.Build.0 = Debug|Any CPU
		{11F38858-373E-403D-9DA3-EC3EE8624C42}.Release|Any CPU.ActiveCfg = Release|Any CPU
		{11F38858-373E-403D-9DA3-EC3EE8624C42}.Release|Any CPU.Build.0 = Release|Any CPU
	EndGlobalSection
	GlobalSection(SolutionProperties) = preSolution
		HideSolutionNode = FALSE
	EndGlobalSection
	GlobalSection(ExtensibilityGlobals) = postSolution
		SolutionGuid = {98D9D3F4-99C3-4D00-9AA4-D7A648A657DE}
	EndGlobalSection
EndGlobal
